
Microsoft Visual Studio Solution File, Format Version 12.00
# Visual Studio Version 16
VisualStudioVersion = 16.0.29424.173
MinimumVisualStudioVersion = 10.0.40219.1
Project("{9A19103F-16F7-4668-BE54-9A1E7A4F7556}") = "TimeClock", "TimeClock\TimeClock.csproj", "{94889AC3-7D38-4185-8E03-701CC1144556}"
EndProject
Global
	GlobalSection(SolutionConfigurationPlatforms) = preSolution
		Debug|Any CPU = Debug|Any CPU
		Release|Any CPU = Release|Any CPU
	EndGlobalSection
	GlobalSection(ProjectConfigurationPlatforms) = postSolution
		{94889AC3-7D38-4185-8E03-701CC1144556}.Debug|Any CPU.ActiveCfg = Debug|Any CPU
		{94889AC3-7D38-4185-8E03-701CC1144556}.Debug|Any CPU.Build.0 = Debug|Any CPU
		{94889AC3-7D38-4185-8E03-701CC1144556}.Release|Any CPU.ActiveCfg = Release|Any CPU
		{94889AC3-7D38-4185-8E03-701CC1144556}.Release|Any CPU.Build.0 = Release|Any CPU
	EndGlobalSection
	GlobalSection(SolutionProperties) = preSolution
		HideSolutionNode = FALSE
	EndGlobalSection
	GlobalSection(ExtensibilityGlobals) = postSolution
		SolutionGuid = {1F124536-182C-4D1B-A19E-56A17B80316E}
	EndGlobalSection
EndGlobal
